
Microsoft Visual Studio Solution File, Format Version 12.00
# Visual Studio Version 17
VisualStudioVersion = 17.1.32228.430
MinimumVisualStudioVersion = 10.0.40219.1
Project("{8BC9CEB8-8B4A-11D0-8D11-00A0C91BC942}") = "buffers", "buffers\buffers.vcxproj", "{5337CF3F-D0AF-434F-9702-CC5E8A86251B}"
EndProject
Project("{8BC9CEB8-8B4A-11D0-8D11-00A0C91BC942}") = "utilities", "utilities\utilities.vcxproj", "{5A33C151-EA42-431C-975F-FF1825AF39ED}"
EndProject
Project("{8BC9CEB8-8B4A-11D0-8D11-00A0C91BC942}") = "console_dumper", "console_dumper\console_dumper.vcxproj", "{8363258D-6488-4450-B485-59960BC4D9DD}"
EndProject
Project("{8BC9CEB8-8B4A-11D0-8D11-00A0C91BC942}") = "tests", "tests\tests.vcxproj", "{D2608EA4-EAC6-482A-A5DB-517E03FD98EE}"
EndProject
Project("{8BC9CEB8-8B4A-11D0-8D11-00A0C91BC942}") = "boost", "%AKIROOT%\git\zlaski\boost\boost.vcxproj", "{3DF747E8-AB1B-443A-AB11-072EE2ED8E21}"
EndProject
Project("{8BC9CEB8-8B4A-11D0-8D11-00A0C91BC942}") = "akibld-headers", "%AKIBLD%\akibld-headers.vcxproj", "{07FA51F2-CD6F-400F-8821-EBFE0040F2D6}"
EndProject
Project("{8BC9CEB8-8B4A-11D0-8D11-00A0C91BC942}") = "akibld-lib", "%AKIBLD%\akibld-lib.vcxproj", "{23650BDB-C46F-43CE-8C77-056924F69B6A}"
EndProject
Project("{8BC9CEB8-8B4A-11D0-8D11-00A0C91BC942}") = "pe_bliss2", "pe_bliss2\pe_bliss2.vcxproj", "{10F2FEBB-C268-4A1F-BB1B-3B2A4D856CAD}"
EndProject
Project("{8BC9CEB8-8B4A-11D0-8D11-00A0C91BC942}") = "cryptlib", "external\cryptopp-8_8_0\cryptopp\cryptlib.vcxproj", "{C39F4B46-6E89-4074-902E-CA57073044D2}"
EndProject
Project("{8BC9CEB8-8B4A-11D0-8D11-00A0C91BC942}") = "simple_asn1", "external\simple_asn1\simple_asn1\simple_asn1.vcxproj", "{1C14F6D3-6901-4F3E-AA08-A221E19AD830}"
EndProject
Global
	GlobalSection(SolutionConfigurationPlatforms) = preSolution
		Debug|Win32 = Debug|Win32
		Debug|x64 = Debug|x64
		DLL-Import Debug|Win32 = DLL-Import Debug|Win32
		DLL-Import Debug|x64 = DLL-Import Debug|x64
		DLL-Import Release|Win32 = DLL-Import Release|Win32
		DLL-Import Release|x64 = DLL-Import Release|x64
		Release|Win32 = Release|Win32
		Release|x64 = Release|x64
	EndGlobalSection
	GlobalSection(ProjectConfigurationPlatforms) = postSolution
		{5337CF3F-D0AF-434F-9702-CC5E8A86251B}.Debug|Win32.ActiveCfg = Debug|Win32
		{5337CF3F-D0AF-434F-9702-CC5E8A86251B}.Debug|Win32.Build.0 = Debug|Win32
		{5337CF3F-D0AF-434F-9702-CC5E8A86251B}.Debug|x64.ActiveCfg = Debug|x64
		{5337CF3F-D0AF-434F-9702-CC5E8A86251B}.Debug|x64.Build.0 = Debug|x64
		{5337CF3F-D0AF-434F-9702-CC5E8A86251B}.DLL-Import Debug|Win32.ActiveCfg = Debug|Win32
		{5337CF3F-D0AF-434F-9702-CC5E8A86251B}.DLL-Import Debug|Win32.Build.0 = Debug|Win32
		{5337CF3F-D0AF-434F-9702-CC5E8A86251B}.DLL-Import Debug|x64.ActiveCfg = Debug|x64
		{5337CF3F-D0AF-434F-9702-CC5E8A86251B}.DLL-Import Debug|x64.Build.0 = Debug|x64
		{5337CF3F-D0AF-434F-9702-CC5E8A86251B}.DLL-Import Release|Win32.ActiveCfg = Release|Win32
		{5337CF3F-D0AF-434F-9702-CC5E8A86251B}.DLL-Import Release|Win32.Build.0 = Release|Win32
		{5337CF3F-D0AF-434F-9702-CC5E8A86251B}.DLL-Import Release|x64.ActiveCfg = Release|x64
		{5337CF3F-D0AF-434F-9702-CC5E8A86251B}.DLL-Import Release|x64.Build.0 = Release|x64
		{5337CF3F-D0AF-434F-9702-CC5E8A86251B}.Release|Win32.ActiveCfg = Release|Win32
		{5337CF3F-D0AF-434F-9702-CC5E8A86251B}.Release|Win32.Build.0 = Release|Win32
		{5337CF3F-D0AF-434F-9702-CC5E8A86251B}.Release|x64.ActiveCfg = Release|x64
		{5337CF3F-D0AF-434F-9702-CC5E8A86251B}.Release|x64.Build.0 = Release|x64
		{5A33C151-EA42-431C-975F-FF1825AF39ED}.Debug|Win32.ActiveCfg = Debug|Win32
		{5A33C151-EA42-431C-975F-FF1825AF39ED}.Debug|Win32.Build.0 = Debug|Win32
		{5A33C151-EA42-431C-975F-FF1825AF39ED}.Debug|x64.ActiveCfg = Debug|x64
		{5A33C151-EA42-431C-975F-FF1825AF39ED}.Debug|x64.Build.0 = Debug|x64
		{5A33C151-EA42-431C-975F-FF1825AF39ED}.DLL-Import Debug|Win32.ActiveCfg = Debug|Win32
		{5A33C151-EA42-431C-975F-FF1825AF39ED}.DLL-Import Debug|Win32.Build.0 = Debug|Win32
		{5A33C151-EA42-431C-975F-FF1825AF39ED}.DLL-Import Debug|x64.ActiveCfg = Debug|x64
		{5A33C151-EA42-431C-975F-FF1825AF39ED}.DLL-Import Debug|x64.Build.0 = Debug|x64
		{5A33C151-EA42-431C-975F-FF1825AF39ED}.DLL-Import Release|Win32.ActiveCfg = Release|Win32
		{5A33C151-EA42-431C-975F-FF1825AF39ED}.DLL-Import Release|Win32.Build.0 = Release|Win32
		{5A33C151-EA42-431C-975F-FF1825AF39ED}.DLL-Import Release|x64.ActiveCfg = Release|x64
		{5A33C151-EA42-431C-975F-FF1825AF39ED}.DLL-Import Release|x64.Build.0 = Release|x64
		{5A33C151-EA42-431C-975F-FF1825AF39ED}.Release|Win32.ActiveCfg = Release|Win32
		{5A33C151-EA42-431C-975F-FF1825AF39ED}.Release|Win32.Build.0 = Release|Win32
		{5A33C151-EA42-431C-975F-FF1825AF39ED}.Release|x64.ActiveCfg = Release|x64
		{5A33C151-EA42-431C-975F-FF1825AF39ED}.Release|x64.Build.0 = Release|x64
		{8363258D-6488-4450-B485-59960BC4D9DD}.Debug|Win32.ActiveCfg = Debug|Win32
		{8363258D-6488-4450-B485-59960BC4D9DD}.Debug|Win32.Build.0 = Debug|Win32
		{8363258D-6488-4450-B485-59960BC4D9DD}.Debug|x64.ActiveCfg = Debug|x64
		{8363258D-6488-4450-B485-59960BC4D9DD}.Debug|x64.Build.0 = Debug|x64
		{8363258D-6488-4450-B485-59960BC4D9DD}.DLL-Import Debug|Win32.ActiveCfg = Debug|Win32
		{8363258D-6488-4450-B485-59960BC4D9DD}.DLL-Import Debug|Win32.Build.0 = Debug|Win32
		{8363258D-6488-4450-B485-59960BC4D9DD}.DLL-Import Debug|x64.ActiveCfg = Debug|x64
		{8363258D-6488-4450-B485-59960BC4D9DD}.DLL-Import Debug|x64.Build.0 = Debug|x64
		{8363258D-6488-4450-B485-59960BC4D9DD}.DLL-Import Release|Win32.ActiveCfg = Release|Win32
		{8363258D-6488-4450-B485-59960BC4D9DD}.DLL-Import Release|Win32.Build.0 = Release|Win32
		{8363258D-6488-4450-B485-59960BC4D9DD}.DLL-Import Release|x64.ActiveCfg = Release|x64
		{8363258D-6488-4450-B485-59960BC4D9DD}.DLL-Import Release|x64.Build.0 = Release|x64
		{8363258D-6488-4450-B485-59960BC4D9DD}.Release|Win32.ActiveCfg = Release|Win32
		{8363258D-6488-4450-B485-59960BC4D9DD}.Release|Win32.Build.0 = Release|Win32
		{8363258D-6488-4450-B485-59960BC4D9DD}.Release|x64.ActiveCfg = Release|x64
		{8363258D-6488-4450-B485-59960BC4D9DD}.Release|x64.Build.0 = Release|x64
		{D2608EA4-EAC6-482A-A5DB-517E03FD98EE}.Debug|Win32.ActiveCfg = Debug|Win32
		{D2608EA4-EAC6-482A-A5DB-517E03FD98EE}.Debug|Win32.Build.0 = Debug|Win32
		{D2608EA4-EAC6-482A-A5DB-517E03FD98EE}.Debug|x64.ActiveCfg = Debug|x64
		{D2608EA4-EAC6-482A-A5DB-517E03FD98EE}.Debug|x64.Build.0 = Debug|x64
		{D2608EA4-EAC6-482A-A5DB-517E03FD98EE}.DLL-Import Debug|Win32.ActiveCfg = Debug|Win32
		{D2608EA4-EAC6-482A-A5DB-517E03FD98EE}.DLL-Import Debug|Win32.Build.0 = Debug|Win32
		{D2608EA4-EAC6-482A-A5DB-517E03FD98EE}.DLL-Import Debug|x64.ActiveCfg = Debug|x64
		{D2608EA4-EAC6-482A-A5DB-517E03FD98EE}.DLL-Import Debug|x64.Build.0 = Debug|x64
		{D2608EA4-EAC6-482A-A5DB-517E03FD98EE}.DLL-Import Release|Win32.ActiveCfg = Release|Win32
		{D2608EA4-EAC6-482A-A5DB-517E03FD98EE}.DLL-Import Release|Win32.Build.0 = Release|Win32
		{D2608EA4-EAC6-482A-A5DB-517E03FD98EE}.DLL-Import Release|x64.ActiveCfg = Release|x64
		{D2608EA4-EAC6-482A-A5DB-517E03FD98EE}.DLL-Import Release|x64.Build.0 = Release|x64
		{D2608EA4-EAC6-482A-A5DB-517E03FD98EE}.Release|Win32.ActiveCfg = Release|Win32
		{D2608EA4-EAC6-482A-A5DB-517E03FD98EE}.Release|Win32.Build.0 = Release|Win32
		{D2608EA4-EAC6-482A-A5DB-517E03FD98EE}.Release|x64.ActiveCfg = Release|x64
		{D2608EA4-EAC6-482A-A5DB-517E03FD98EE}.Release|x64.Build.0 = Release|x64
		{3DF747E8-AB1B-443A-AB11-072EE2ED8E21}.Debug|Win32.ActiveCfg = Debug|Win32
		{3DF747E8-AB1B-443A-AB11-072EE2ED8E21}.Debug|Win32.Build.0 = Debug|Win32
		{3DF747E8-AB1B-443A-AB11-072EE2ED8E21}.Debug|x64.ActiveCfg = Debug|x64
		{3DF747E8-AB1B-443A-AB11-072EE2ED8E21}.Debug|x64.Build.0 = Debug|x64
		{3DF747E8-AB1B-443A-AB11-072EE2ED8E21}.DLL-Import Debug|Win32.ActiveCfg = Debug|Win32
		{3DF747E8-AB1B-443A-AB11-072EE2ED8E21}.DLL-Import Debug|Win32.Build.0 = Debug|Win32
		{3DF747E8-AB1B-443A-AB11-072EE2ED8E21}.DLL-Import Debug|x64.ActiveCfg = Debug|x64
		{3DF747E8-AB1B-443A-AB11-072EE2ED8E21}.DLL-Import Debug|x64.Build.0 = Debug|x64
		{3DF747E8-AB1B-443A-AB11-072EE2ED8E21}.DLL-Import Release|Win32.ActiveCfg = Release|Win32
		{3DF747E8-AB1B-443A-AB11-072EE2ED8E21}.DLL-Import Release|Win32.Build.0 = Release|Win32
		{3DF747E8-AB1B-443A-AB11-072EE2ED8E21}.DLL-Import Release|x64.ActiveCfg = Release|x64
		{3DF747E8-AB1B-443A-AB11-072EE2ED8E21}.DLL-Import Release|x64.Build.0 = Release|x64
		{3DF747E8-AB1B-443A-AB11-072EE2ED8E21}.Release|Win32.ActiveCfg = Release|Win32
		{3DF747E8-AB1B-443A-AB11-072EE2ED8E21}.Release|Win32.Build.0 = Release|Win32
		{3DF747E8-AB1B-443A-AB11-072EE2ED8E21}.Release|x64.ActiveCfg = Release|x64
		{3DF747E8-AB1B-443A-AB11-072EE2ED8E21}.Release|x64.Build.0 = Release|x64
		{07FA51F2-CD6F-400F-8821-EBFE0040F2D6}.Debug|Win32.ActiveCfg = Debug|Win32
		{07FA51F2-CD6F-400F-8821-EBFE0040F2D6}.Debug|Win32.Build.0 = Debug|Win32
		{07FA51F2-CD6F-400F-8821-EBFE0040F2D6}.Debug|x64.ActiveCfg = Debug|x64
		{07FA51F2-CD6F-400F-8821-EBFE0040F2D6}.Debug|x64.Build.0 = Debug|x64
		{07FA51F2-CD6F-400F-8821-EBFE0040F2D6}.DLL-Import Debug|Win32.ActiveCfg = Debug|Win32
		{07FA51F2-CD6F-400F-8821-EBFE0040F2D6}.DLL-Import Debug|Win32.Build.0 = Debug|Win32
		{07FA51F2-CD6F-400F-8821-EBFE0040F2D6}.DLL-Import Debug|x64.ActiveCfg = Debug|x64
		{07FA51F2-CD6F-400F-8821-EBFE0040F2D6}.DLL-Import Debug|x64.Build.0 = Debug|x64
		{07FA51F2-CD6F-400F-8821-EBFE0040F2D6}.DLL-Import Release|Win32.ActiveCfg = Release|Win32
		{07FA51F2-CD6F-400F-8821-EBFE0040F2D6}.DLL-Import Release|Win32.Build.0 = Release|Win32
		{07FA51F2-CD6F-400F-8821-EBFE0040F2D6}.DLL-Import Release|x64.ActiveCfg = Release|x64
		{07FA51F2-CD6F-400F-8821-EBFE0040F2D6}.DLL-Import Release|x64.Build.0 = Release|x64
		{07FA51F2-CD6F-400F-8821-EBFE0040F2D6}.Release|Win32.ActiveCfg = Release|Win32
		{07FA51F2-CD6F-400F-8821-EBFE0040F2D6}.Release|Win32.Build.0 = Release|Win32
		{07FA51F2-CD6F-400F-8821-EBFE0040F2D6}.Release|x64.ActiveCfg = Release|x64
		{07FA51F2-CD6F-400F-8821-EBFE0040F2D6}.Release|x64.Build.0 = Release|x64
		{23650BDB-C46F-43CE-8C77-056924F69B6A}.Debug|Win32.ActiveCfg = Debug|Win32
		{23650BDB-C46F-43CE-8C77-056924F69B6A}.Debug|Win32.Build.0 = Debug|Win32
		{23650BDB-C46F-43CE-8C77-056924F69B6A}.Debug|x64.ActiveCfg = Debug|x64
		{23650BDB-C46F-43CE-8C77-056924F69B6A}.Debug|x64.Build.0 = Debug|x64
		{23650BDB-C46F-43CE-8C77-056924F69B6A}.DLL-Import Debug|Win32.ActiveCfg = Debug|Win32
		{23650BDB-C46F-43CE-8C77-056924F69B6A}.DLL-Import Debug|Win32.Build.0 = Debug|Win32
		{23650BDB-C46F-43CE-8C77-056924F69B6A}.DLL-Import Debug|x64.ActiveCfg = Debug|x64
		{23650BDB-C46F-43CE-8C77-056924F69B6A}.DLL-Import Debug|x64.Build.0 = Debug|x64
		{23650BDB-C46F-43CE-8C77-056924F69B6A}.DLL-Import Release|Win32.ActiveCfg = Release|Win32
		{23650BDB-C46F-43CE-8C77-056924F69B6A}.DLL-Import Release|Win32.Build.0 = Release|Win32
		{23650BDB-C46F-43CE-8C77-056924F69B6A}.DLL-Import Release|x64.ActiveCfg = Release|x64
		{23650BDB-C46F-43CE-8C77-056924F69B6A}.DLL-Import Release|x64.Build.0 = Release|x64
		{23650BDB-C46F-43CE-8C77-056924F69B6A}.Release|Win32.ActiveCfg = Release|Win32
		{23650BDB-C46F-43CE-8C77-056924F69B6A}.Release|Win32.Build.0 = Release|Win32
		{23650BDB-C46F-43CE-8C77-056924F69B6A}.Release|x64.ActiveCfg = Release|x64
		{23650BDB-C46F-43CE-8C77-056924F69B6A}.Release|x64.Build.0 = Release|x64
		{10F2FEBB-C268-4A1F-BB1B-3B2A4D856CAD}.Debug|Win32.ActiveCfg = Debug|Win32
		{10F2FEBB-C268-4A1F-BB1B-3B2A4D856CAD}.Debug|Win32.Build.0 = Debug|Win32
		{10F2FEBB-C268-4A1F-BB1B-3B2A4D856CAD}.Debug|x64.ActiveCfg = Debug|x64
		{10F2FEBB-C268-4A1F-BB1B-3B2A4D856CAD}.Debug|x64.Build.0 = Debug|x64
		{10F2FEBB-C268-4A1F-BB1B-3B2A4D856CAD}.DLL-Import Debug|Win32.ActiveCfg = Debug|Win32
		{10F2FEBB-C268-4A1F-BB1B-3B2A4D856CAD}.DLL-Import Debug|Win32.Build.0 = Debug|Win32
		{10F2FEBB-C268-4A1F-BB1B-3B2A4D856CAD}.DLL-Import Debug|x64.ActiveCfg = Debug|x64
		{10F2FEBB-C268-4A1F-BB1B-3B2A4D856CAD}.DLL-Import Debug|x64.Build.0 = Debug|x64
		{10F2FEBB-C268-4A1F-BB1B-3B2A4D856CAD}.DLL-Import Release|Win32.ActiveCfg = Release|Win32
		{10F2FEBB-C268-4A1F-BB1B-3B2A4D856CAD}.DLL-Import Release|Win32.Build.0 = Release|Win32
		{10F2FEBB-C268-4A1F-BB1B-3B2A4D856CAD}.DLL-Import Release|x64.ActiveCfg = Release|x64
		{10F2FEBB-C268-4A1F-BB1B-3B2A4D856CAD}.DLL-Import Release|x64.Build.0 = Release|x64
		{10F2FEBB-C268-4A1F-BB1B-3B2A4D856CAD}.Release|Win32.ActiveCfg = Release|Win32
		{10F2FEBB-C268-4A1F-BB1B-3B2A4D856CAD}.Release|Win32.Build.0 = Release|Win32
		{10F2FEBB-C268-4A1F-BB1B-3B2A4D856CAD}.Release|x64.ActiveCfg = Release|x64
		{10F2FEBB-C268-4A1F-BB1B-3B2A4D856CAD}.Release|x64.Build.0 = Release|x64
		{C39F4B46-6E89-4074-902E-CA57073044D2}.Debug|Win32.ActiveCfg = Debug|Win32
		{C39F4B46-6E89-4074-902E-CA57073044D2}.Debug|Win32.Build.0 = Debug|Win32
		{C39F4B46-6E89-4074-902E-CA57073044D2}.Debug|x64.ActiveCfg = Debug|x64
		{C39F4B46-6E89-4074-902E-CA57073044D2}.Debug|x64.Build.0 = Debug|x64
		{C39F4B46-6E89-4074-902E-CA57073044D2}.DLL-Import Debug|Win32.ActiveCfg = DLL-Import Debug|Win32
		{C39F4B46-6E89-4074-902E-CA57073044D2}.DLL-Import Debug|Win32.Build.0 = DLL-Import Debug|Win32
		{C39F4B46-6E89-4074-902E-CA57073044D2}.DLL-Import Debug|x64.ActiveCfg = DLL-Import Debug|x64
		{C39F4B46-6E89-4074-902E-CA57073044D2}.DLL-Import Debug|x64.Build.0 = DLL-Import Debug|x64
		{C39F4B46-6E89-4074-902E-CA57073044D2}.DLL-Import Release|Win32.ActiveCfg = DLL-Import Release|Win32
		{C39F4B46-6E89-4074-902E-CA57073044D2}.DLL-Import Release|Win32.Build.0 = DLL-Import Release|Win32
		{C39F4B46-6E89-4074-902E-CA57073044D2}.DLL-Import Release|x64.ActiveCfg = DLL-Import Release|x64
		{C39F4B46-6E89-4074-902E-CA57073044D2}.DLL-Import Release|x64.Build.0 = DLL-Import Release|x64
		{C39F4B46-6E89-4074-902E-CA57073044D2}.Release|Win32.ActiveCfg = Release|Win32
		{C39F4B46-6E89-4074-902E-CA57073044D2}.Release|Win32.Build.0 = Release|Win32
		{C39F4B46-6E89-4074-902E-CA57073044D2}.Release|x64.ActiveCfg = Release|x64
		{C39F4B46-6E89-4074-902E-CA57073044D2}.Release|x64.Build.0 = Release|x64
		{1C14F6D3-6901-4F3E-AA08-A221E19AD830}.Debug|Win32.ActiveCfg = Debug|Win32
		{1C14F6D3-6901-4F3E-AA08-A221E19AD830}.Debug|Win32.Build.0 = Debug|Win32
		{1C14F6D3-6901-4F3E-AA08-A221E19AD830}.Debug|x64.ActiveCfg = Debug|x64
		{1C14F6D3-6901-4F3E-AA08-A221E19AD830}.Debug|x64.Build.0 = Debug|x64
		{1C14F6D3-6901-4F3E-AA08-A221E19AD830}.DLL-Import Debug|Win32.ActiveCfg = Debug|Win32
		{1C14F6D3-6901-4F3E-AA08-A221E19AD830}.DLL-Import Debug|Win32.Build.0 = Debug|Win32
		{1C14F6D3-6901-4F3E-AA08-A221E19AD830}.DLL-Import Debug|x64.ActiveCfg = Debug|x64
		{1C14F6D3-6901-4F3E-AA08-A221E19AD830}.DLL-Import Debug|x64.Build.0 = Debug|x64
		{1C14F6D3-6901-4F3E-AA08-A221E19AD830}.DLL-Import Release|Win32.ActiveCfg = Release|Win32
		{1C14F6D3-6901-4F3E-AA08-A221E19AD830}.DLL-Import Release|Win32.Build.0 = Release|Win32
		{1C14F6D3-6901-4F3E-AA08-A221E19AD830}.DLL-Import Release|x64.ActiveCfg = Release|x64
		{1C14F6D3-6901-4F3E-AA08-A221E19AD830}.DLL-Import Release|x64.Build.0 = Release|x64
		{1C14F6D3-6901-4F3E-AA08-A221E19AD830}.Release|Win32.ActiveCfg = Release|Win32
		{1C14F6D3-6901-4F3E-AA08-A221E19AD830}.Release|Win32.Build.0 = Release|Win32
		{1C14F6D3-6901-4F3E-AA08-A221E19AD830}.Release|x64.ActiveCfg = Release|x64
		{1C14F6D3-6901-4F3E-AA08-A221E19AD830}.Release|x64.Build.0 = Release|x64
	EndGlobalSection
	GlobalSection(SolutionProperties) = preSolution
		HideSolutionNode = FALSE
	EndGlobalSection
	GlobalSection(ExtensibilityGlobals) = postSolution
		SolutionGuid = {3BC62B1D-5079-4E60-8269-D87F9BABF627}
	EndGlobalSection
EndGlobal
